// !$*UTF8*$!
{
	archiveVersion = 1;
	classes = {
	};
	objectVersion = 50;
	objects = {

/* Begin PBXBuildFile section */
		AF4AF547223BF6FF005D12F6 /* AppDelegate.swift in Sources */ = {isa = PBXBuildFile; fileRef = AF4AF546223BF6FF005D12F6 /* AppDelegate.swift */; };
		AF4AF549223BF6FF005D12F6 /* ViewController.swift in Sources */ = {isa = PBXBuildFile; fileRef = AF4AF548223BF6FF005D12F6 /* ViewController.swift */; };
		AF4AF54C223BF6FF005D12F6 /* Main.storyboard in Resources */ = {isa = PBXBuildFile; fileRef = AF4AF54A223BF6FF005D12F6 /* Main.storyboard */; };
		AF4AF54F223BF6FF005D12F6 /* Cart.xcdatamodeld in Sources */ = {isa = PBXBuildFile; fileRef = AF4AF54D223BF6FF005D12F6 /* Cart.xcdatamodeld */; };
		AF4AF551223BF700005D12F6 /* Assets.xcassets in Resources */ = {isa = PBXBuildFile; fileRef = AF4AF550223BF700005D12F6 /* Assets.xcassets */; };
		AF4AF554223BF701005D12F6 /* LaunchScreen.storyboard in Resources */ = {isa = PBXBuildFile; fileRef = AF4AF552223BF701005D12F6 /* LaunchScreen.storyboard */; };
/* End PBXBuildFile section */

/* Begin PBXFileReference section */
		AF4AF543223BF6FF005D12F6 /* Cart.app */ = {isa = PBXFileReference; explicitFileType = wrapper.application; includeInIndex = 0; path = Cart.app; sourceTree = BUILT_PRODUCTS_DIR; };
		AF4AF546223BF6FF005D12F6 /* AppDelegate.swift */ = {isa = PBXFileReference; lastKnownFileType = sourcecode.swift; path = AppDelegate.swift; sourceTree = "<group>"; };
		AF4AF548223BF6FF005D12F6 /* ViewController.swift */ = {isa = PBXFileReference; lastKnownFileType = sourcecode.swift; path = ViewController.swift; sourceTree = "<group>"; };
		AF4AF54B223BF6FF005D12F6 /* Base */ = {isa = PBXFileReference; lastKnownFileType = file.storyboard; name = Base; path = Base.lproj/Main.storyboard; sourceTree = "<group>"; };
		AF4AF54E223BF6FF005D12F6 /* Cart.xcdatamodel */ = {isa = PBXFileReference; lastKnownFileType = wrapper.xcdatamodel; path = Cart.xcdatamodel; sourceTree = "<group>"; };
		AF4AF550223BF700005D12F6 /* Assets.xcassets */ = {isa = PBXFileReference; lastKnownFileType = folder.assetcatalog; path = Assets.xcassets; sourceTree = "<group>"; };
		AF4AF553223BF701005D12F6 /* Base */ = {isa = PBXFileReference; lastKnownFileType = file.storyboard; name = Base; path = Base.lproj/LaunchScreen.storyboard; sourceTree = "<group>"; };
		AF4AF555223BF701005D12F6 /* Info.plist */ = {isa = PBXFileReference; lastKnownFileType = text.plist.xml; path = Info.plist; sourceTree = "<group>"; };
/* End PBXFileReference section */

/* Begin PBXFrameworksBuildPhase section */
		AF4AF540223BF6FF005D12F6 /* Frameworks */ = {
			isa = PBXFrameworksBuildPhase;
			buildActionMask = 2147483647;
			files = (
			);
			runOnlyForDeploymentPostprocessing = 0;
		};
/* End PBXFrameworksBuildPhase section */

/* Begin PBXGroup section */
		AF4AF53A223BF6FF005D12F6 = {
			isa = PBXGroup;
			children = (
				AF4AF545223BF6FF005D12F6 /* Cart */,
				AF4AF544223BF6FF005D12F6 /* Products */,
			);
			sourceTree = "<group>";
		};
		AF4AF544223BF6FF005D12F6 /* Products */ = {
			isa = PBXGroup;
			children = (
				AF4AF543223BF6FF005D12F6 /* Cart.app */,
			);
			name = Products;
			sourceTree = "<group>";
		};
		AF4AF545223BF6FF005D12F6 /* Cart */ = {
			isa = PBXGroup;
			children = (
				AF4AF546223BF6FF005D12F6 /* AppDelegate.swift */,
				AF4AF548223BF6FF005D12F6 /* ViewController.swift */,
				AF4AF54A223BF6FF005D12F6 /* Main.storyboard */,
				AF4AF550223BF700005D12F6 /* Assets.xcassets */,
				AF4AF552223BF701005D12F6 /* LaunchScreen.storyboard */,
				AF4AF555223BF701005D12F6 /* Info.plist */,
				AF4AF54D223BF6FF005D12F6 /* Cart.xcdatamodeld */,
			);
			path = Cart;
			sourceTree = "<group>";
		};
/* End PBXGroup section */

/* Begin PBXNativeTarget section */
		AF4AF542223BF6FF005D12F6 /* Cart */ = {
			isa = PBXNativeTarget;
			buildConfigurationList = AF4AF558223BF701005D12F6 /* Build configuration list for PBXNativeTarget "Cart" */;
			buildPhases = (
				AF4AF53F223BF6FF005D12F6 /* Sources */,
				AF4AF540223BF6FF005D12F6 /* Frameworks */,
				AF4AF541223BF6FF005D12F6 /* Resources */,
			);
			buildRules = (
			);
			dependencies = (
			);
			name = Cart;
			productName = Cart;
			productReference = AF4AF543223BF6FF005D12F6 /* Cart.app */;
			productType = "com.apple.product-type.application";
		};
/* End PBXNativeTarget section */

/* Begin PBXProject section */
		AF4AF53B223BF6FF005D12F6 /* Project object */ = {
			isa = PBXProject;
			attributes = {
				LastSwiftUpdateCheck = 1010;
				LastUpgradeCheck = 1010;
				ORGANIZATIONNAME = "Colin Smith";
				TargetAttributes = {
					AF4AF542223BF6FF005D12F6 = {
						CreatedOnToolsVersion = 10.1;
					};
				};
			};
			buildConfigurationList = AF4AF53E223BF6FF005D12F6 /* Build configuration list for PBXProject "Cart" */;
			compatibilityVersion = "Xcode 9.3";
			developmentRegion = en;
			hasScannedForEncodings = 0;
			knownRegions = (
				en,
				Base,
			);
			mainGroup = AF4AF53A223BF6FF005D12F6;
			productRefGroup = AF4AF544223BF6FF005D12F6 /* Products */;
			projectDirPath = "";
			projectRoot = "";
			targets = (
				AF4AF542223BF6FF005D12F6 /* Cart */,
			);
		};
/* End PBXProject section */

/* Begin PBXResourcesBuildPhase section */
		AF4AF541223BF6FF005D12F6 /* Resources */ = {
			isa = PBXResourcesBuildPhase;
			buildActionMask = 2147483647;
			files = (
				AF4AF554223BF701005D12F6 /* LaunchScreen.storyboard in Resources */,
				AF4AF551223BF700005D12F6 /* Assets.xcassets in Resources */,
				AF4AF54C223BF6FF005D12F6 /* Main.storyboard in Resources */,
			);
			runOnlyForDeploymentPostprocessing = 0;
		};
/* End PBXResourcesBuildPhase section */

/* Begin PBXSourcesBuildPhase section */
		AF4AF53F223BF6FF005D12F6 /* Sources */ = {
			isa = PBXSourcesBuildPhase;
			buildActionMask = 2147483647;
			files = (
				AF4AF549223BF6FF005D12F6 /* ViewController.swift in Sources */,
				AF4AF54F223BF6FF005D12F6 /* Cart.xcdatamodeld in Sources */,
				AF4AF547223BF6FF005D12F6 /* AppDelegate.swift in Sources */,
			);
			runOnlyForDeploymentPostprocessing = 0;
		};
/* End PBXSourcesBuildPhase section */

/* Begin PBXVariantGroup section */
		AF4AF54A223BF6FF005D12F6 /* Main.storyboard */ = {
			isa = PBXVariantGroup;
			children = (
				AF4AF54B223BF6FF005D12F6 /* Base */,
			);
			name = Main.storyboard;
			sourceTree = "<group>";
		};
		AF4AF552223BF701005D12F6 /* LaunchScreen.storyboard */ = {
			isa = PBXVariantGroup;
			children = (
				AF4AF553223BF701005D12F6 /* Base */,
			);
			name = LaunchScreen.storyboard;
			sourceTree = "<group>";
		};
/* End PBXVariantGroup section */

/* Begin XCBuildConfiguration section */
		AF4AF556223BF701005D12F6 /* Debug */ = {
			isa = XCBuildConfiguration;
			buildSettings = {
				ALWAYS_SEARCH_USER_PATHS = NO;
				CLANG_ANALYZER_NONNULL = YES;
				CLANG_ANALYZER_NUMBER_OBJECT_CONVERSION = YES_AGGRESSIVE;
				CLANG_CXX_LANGUAGE_STANDARD = "gnu++14";
				CLANG_CXX_LIBRARY = "libc++";
				CLANG_ENABLE_MODULES = YES;
				CLANG_ENABLE_OBJC_ARC = YES;
				CLANG_ENABLE_OBJC_WEAK = YES;
				CLANG_WARN_BLOCK_CAPTURE_AUTORELEASING = YES;
				CLANG_WARN_BOOL_CONVERSION = YES;
				CLANG_WARN_COMMA = YES;
				CLANG_WARN_CONSTANT_CONVERSION = YES;
				CLANG_WARN_DEPRECATED_OBJC_IMPLEMENTATIONS = YES;
				CLANG_WARN_DIRECT_OBJC_ISA_USAGE = YES_ERROR;
				CLANG_WARN_DOCUMENTATION_COMMENTS = YES;
				CLANG_WARN_EMPTY_BODY = YES;
				CLANG_WARN_ENUM_CONVERSION = YES;
				CLANG_WARN_INFINITE_RECURSION = YES;
				CLANG_WARN_INT_CONVERSION = YES;
				CLANG_WARN_NON_LITERAL_NULL_CONVERSION = YES;
				CLANG_WARN_OBJC_IMPLICIT_RETAIN_SELF = YES;
				CLANG_WARN_OBJC_LITERAL_CONVERSION = YES;
				CLANG_WARN_OBJC_ROOT_CLASS = YES_ERROR;
				CLANG_WARN_RANGE_LOOP_ANALYSIS = YES;
				CLANG_WARN_STRICT_PROTOTYPES = YES;
				CLANG_WARN_SUSPICIOUS_MOVE = YES;
				CLANG_WARN_UNGUARDED_AVAILABILITY = YES_AGGRESSIVE;
				CLANG_WARN_UNREACHABLE_CODE = YES;
				CLANG_WARN__DUPLICATE_METHOD_MATCH = YES;
				CODE_SIGN_IDENTITY = "iPhone Developer";
				COPY_PHASE_STRIP = NO;
				DEBUG_INFORMATION_FORMAT = dwarf;
				ENABLE_STRICT_OBJC_MSGSEND = YES;
				ENABLE_TESTABILITY = YES;
				GCC_C_LANGUAGE_STANDARD = gnu11;
				GCC_DYNAMIC_NO_PIC = NO;
				GCC_NO_COMMON_BLOCKS = YES;
				GCC_OPTIMIZATION_LEVEL = 0;
				GCC_PREPROCESSOR_DEFINITIONS = (
					"DEBUG=1",
					"$(inherited)",
				);
				GCC_WARN_64_TO_32_BIT_CONVERSION = YES;
				GCC_WARN_ABOUT_RETURN_TYPE = YES_ERROR;
				GCC_WARN_UNDECLARED_SELECTOR = YES;
				GCC_WARN_UNINITIALIZED_AUTOS = YES_AGGRESSIVE;
				GCC_WARN_UNUSED_FUNCTION = YES;
				GCC_WARN_UNUSED_VARIABLE = YES;
				IPHONEOS_DEPLOYMENT_TARGET = 12.1;
				MTL_ENABLE_DEBUG_INFO = INCLUDE_SOURCE;
				MTL_FAST_MATH = YES;
				ONLY_ACTIVE_ARCH = YES;
				SDKROOT = iphoneos;
				SWIFT_ACTIVE_COMPILATION_CONDITIONS = DEBUG;
				SWIFT_OPTIMIZATION_LEVEL = "-Onone";
			};
			name = Debug;
		};
		AF4AF557223BF701005D12F6 /* Release */ = {
			isa = XCBuildConfiguration;
			buildSettings = {
				ALWAYS_SEARCH_USER_PATHS = NO;
				CLANG_ANALYZER_NONNULL = YES;
				CLANG_ANALYZER_NUMBER_OBJECT_CONVERSION = YES_AGGRESSIVE;
				CLANG_CXX_LANGUAGE_STANDARD = "gnu++14";
				CLANG_CXX_LIBRARY = "libc++";
				CLANG_ENABLE_MODULES = YES;
				CLANG_ENABLE_OBJC_ARC = YES;
				CLANG_ENABLE_OBJC_WEAK = YES;
				CLANG_WARN_BLOCK_CAPTURE_AUTORELEASING = YES;
				CLANG_WARN_BOOL_CONVERSION = YES;
				CLANG_WARN_COMMA = YES;
				CLANG_WARN_CONSTANT_CONVERSION = YES;
				CLANG_WARN_DEPRECATED_OBJC_IMPLEMENTATIONS = YES;
				CLANG_WARN_DIRECT_OBJC_ISA_USAGE = YES_ERROR;
				CLANG_WARN_DOCUMENTATION_COMMENTS = YES;
				CLANG_WARN_EMPTY_BODY = YES;
				CLANG_WARN_ENUM_CONVERSION = YES;
				CLANG_WARN_INFINITE_RECURSION = YES;
				CLANG_WARN_INT_CONVERSION = YES;
				CLANG_WARN_NON_LITERAL_NULL_CONVERSION = YES;
				CLANG_WARN_OBJC_IMPLICIT_RETAIN_SELF = YES;
				CLANG_WARN_OBJC_LITERAL_CONVERSION = YES;
				CLANG_WARN_OBJC_ROOT_CLASS = YES_ERROR;
				CLANG_WARN_RANGE_LOOP_ANALYSIS = YES;
				CLANG_WARN_STRICT_PROTOTYPES = YES;
				CLANG_WARN_SUSPICIOUS_MOVE = YES;
				CLANG_WARN_UNGUARDED_AVAILABILITY = YES_AGGRESSIVE;
				CLANG_WARN_UNREACHABLE_CODE = YES;
				CLANG_WARN__DUPLICATE_METHOD_MATCH = YES;
				CODE_SIGN_IDENTITY = "iPhone Developer";
				COPY_PHASE_STRIP = NO;
				DEBUG_INFORMATION_FORMAT = "dwarf-with-dsym";
				ENABLE_NS_ASSERTIONS = NO;
				ENABLE_STRICT_OBJC_MSGSEND = YES;
				GCC_C_LANGUAGE_STANDARD = gnu11;
				GCC_NO_COMMON_BLOCKS = YES;
				GCC_WARN_64_TO_32_BIT_CONVERSION = YES;
				GCC_WARN_ABOUT_RETURN_TYPE = YES_ERROR;
				GCC_WARN_UNDECLARED_SELECTOR = YES;
				GCC_WARN_UNINITIALIZED_AUTOS = YES_AGGRESSIVE;
				GCC_WARN_UNUSED_FUNCTION = YES;
				GCC_WARN_UNUSED_VARIABLE = YES;
				IPHONEOS_DEPLOYMENT_TARGET = 12.1;
				MTL_ENABLE_DEBUG_INFO = NO;
				MTL_FAST_MATH = YES;
				SDKROOT = iphoneos;
				SWIFT_COMPILATION_MODE = wholemodule;
				SWIFT_OPTIMIZATION_LEVEL = "-O";
				VALIDATE_PRODUCT = YES;
			};
			name = Release;
		};
		AF4AF559223BF701005D12F6 /* Debug */ = {
			isa = XCBuildConfiguration;
			buildSettings = {
				ASSETCATALOG_COMPILER_APPICON_NAME = AppIcon;
				CODE_SIGN_STYLE = Automatic;
				DEVELOPMENT_TEAM = 2779EQ3QB6;
				INFOPLIST_FILE = Cart/Info.plist;
				LD_RUNPATH_SEARCH_PATHS = (
					"$(inherited)",
					"@executable_path/Frameworks",
				);
				PRODUCT_BUNDLE_IDENTIFIER = com.colinsmith.Cart;
				PRODUCT_NAME = "$(TARGET_NAME)";
				SWIFT_VERSION = 4.2;
				TARGETED_DEVICE_FAMILY = "1,2";
			};
			name = Debug;
		};
		AF4AF55A223BF701005D12F6 /* Release */ = {
			isa = XCBuildConfiguration;
			buildSettings = {
				ASSETCATALOG_COMPILER_APPICON_NAME = AppIcon;
				CODE_SIGN_STYLE = Automatic;
				DEVELOPMENT_TEAM = 2779EQ3QB6;
				INFOPLIST_FILE = Cart/Info.plist;
				LD_RUNPATH_SEARCH_PATHS = (
					"$(inherited)",
					"@executable_path/Frameworks",
				);
				PRODUCT_BUNDLE_IDENTIFIER = com.colinsmith.Cart;
				PRODUCT_NAME = "$(TARGET_NAME)";
				SWIFT_VERSION = 4.2;
				TARGETED_DEVICE_FAMILY = "1,2";
			};
			name = Release;
		};
/* End XCBuildConfiguration section */

/* Begin XCConfigurationList section */
		AF4AF53E223BF6FF005D12F6 /* Build configuration list for PBXProject "Cart" */ = {
			isa = XCConfigurationList;
			buildConfigurations = (
				AF4AF556223BF701005D12F6 /* Debug */,
				AF4AF557223BF701005D12F6 /* Release */,
			);
			defaultConfigurationIsVisible = 0;
			defaultConfigurationName = Release;
		};
		AF4AF558223BF701005D12F6 /* Build configuration list for PBXNativeTarget "Cart" */ = {
			isa = XCConfigurationList;
			buildConfigurations = (
				AF4AF559223BF701005D12F6 /* Debug */,
				AF4AF55A223BF701005D12F6 /* Release */,
			);
			defaultConfigurationIsVisible = 0;
			defaultConfigurationName = Release;
		};
/* End XCConfigurationList section */

/* Begin XCVersionGroup section */
		AF4AF54D223BF6FF005D12F6 /* Cart.xcdatamodeld */ = {
			isa = XCVersionGroup;
			children = (
				AF4AF54E223BF6FF005D12F6 /* Cart.xcdatamodel */,
			);
			currentVersion = AF4AF54E223BF6FF005D12F6 /* Cart.xcdatamodel */;
			path = Cart.xcdatamodeld;
			sourceTree = "<group>";
			versionGroupType = wrapper.xcdatamodel;
		};
/* End XCVersionGroup section */
	};
	rootObject = AF4AF53B223BF6FF005D12F6 /* Project object */;
}
